// !$*UTF8*$!
{
	archiveVersion = 1;
	classes = {
	};
	objectVersion = 77;
	objects = {

/* Begin PBXBuildFile section */
		07D3D958F6EC6B2561F6FEAA /* DistanceBadge.swift in Sources */ = {isa = PBXBuildFile; fileRef = F412C09E80A444B74B8D3414 /* DistanceBadge.swift */; };
		07FA90FCA1373A44089255FA /* ActiveJobView.swift in Sources */ = {isa = PBXBuildFile; fileRef = F3CEB980FB0B2AE4E5E91426 /* ActiveJobView.swift */; };
		13B745AA6E216ABF4F0DF1C9 /* VolumeAdjustmentViewModel.swift in Sources */ = {isa = PBXBuildFile; fileRef = 44DF0D5DCEAA8A365BEFD684 /* VolumeAdjustmentViewModel.swift */; };
		67A7E9BA84D0A56CBFF504CF /* VolumeAdjustmentView.swift in Sources */ = {isa = PBXBuildFile; fileRef = 3EE28BE56B2BB0D6D1470047 /* VolumeAdjustmentView.swift */; };
		14790A1C6E4BF7984B5FF3E4 /* DriverAnnotationView.swift in Sources */ = {isa = PBXBuildFile; fileRef = 17D1EDD45EA760AA572801D2 /* DriverAnnotationView.swift */; };
		1571465FB7BA821EBF25A926 /* LiveMapView.swift in Sources */ = {isa = PBXBuildFile; fileRef = 4D29936281490BE9C931F899 /* LiveMapView.swift */; };
		16B71C5163B965FBDF945A5C /* ImageUploadService.swift in Sources */ = {isa = PBXBuildFile; fileRef = EE6A30F12DD65BEE0708A3A6 /* ImageUploadService.swift */; };
		17369207B2CC0E1488DEB91E /* ProfileViewModel.swift in Sources */ = {isa = PBXBuildFile; fileRef = B38475343119CF6E9F5585E9 /* ProfileViewModel.swift */; };
		19A68D46F9F1493920BF9B4F /* AppRouter.swift in Sources */ = {isa = PBXBuildFile; fileRef = 831F50402DD302638AD4EF32 /* AppRouter.swift */; };
		1A023C9585E19F759DF1B92F /* CameraPickerView.swift in Sources */ = {isa = PBXBuildFile; fileRef = D074AC78D9277D0C00126A35 /* CameraPickerView.swift */; };
		1A641CEB9CC125B788902752 /* BeforePhotosView.swift in Sources */ = {isa = PBXBuildFile; fileRef = E12E32582549A882906AADC2 /* BeforePhotosView.swift */; };
		1DC41CF49D4FA211AC146DAE /* AuthViewModel.swift in Sources */ = {isa = PBXBuildFile; fileRef = 54148D05F5465CFF5EB1F3CC /* AuthViewModel.swift */; };
		1EE82A346AE23683BAC05940 /* JobStatusStepperView.swift in Sources */ = {isa = PBXBuildFile; fileRef = 54200844DD474F229259E177 /* JobStatusStepperView.swift */; };
		24034206CB760E5A99B8052F /* AuthModels.swift in Sources */ = {isa = PBXBuildFile; fileRef = 3AC9DCA75B3DE3D624F8A427 /* AuthModels.swift */; };
		29C93DE1E779BE522D41D0C0 /* LiveMapViewModel.swift in Sources */ = {isa = PBXBuildFile; fileRef = F14A16027C1CA38C7BD4E4F7 /* LiveMapViewModel.swift */; };
		29EE5336D11165A1FC0ABC1B /* EmptyStateView.swift in Sources */ = {isa = PBXBuildFile; fileRef = EF3CF6C40F54DC805B224734 /* EmptyStateView.swift */; };
		2A3FF2C1D2D3EEB79385B548 /* StarRating.swift in Sources */ = {isa = PBXBuildFile; fileRef = 00CF7F44684B3635D99E9F02 /* StarRating.swift */; };
		33B116E92E3F2A4C3480FE24 /* JunkOSDriverApp.swift in Sources */ = {isa = PBXBuildFile; fileRef = C14897C95FBADE41B4B75E28 /* JunkOSDriverApp.swift */; };
		34C178E44B74FE2E6C1AC682 /* ActiveJobMapOverlay.swift in Sources */ = {isa = PBXBuildFile; fileRef = 344C45FBFECAA97F6CB507F5 /* ActiveJobMapOverlay.swift */; };
		3542CF9944051485B6D25AFE /* RegistrationViewModel.swift in Sources */ = {isa = PBXBuildFile; fileRef = 3E4022AADB725ED1A37514F9 /* RegistrationViewModel.swift */; };
		38783044E1350D9A73D45656 /* Config.swift in Sources */ = {isa = PBXBuildFile; fileRef = 3988FAD16A2B52B69264800C /* Config.swift */; };
		39DEA556224982280DB9CC88 /* TruckTypeSelectionView.swift in Sources */ = {isa = PBXBuildFile; fileRef = D1DC4D6D20A3CCC9709A404C /* TruckTypeSelectionView.swift */; };
		3D564E63BD08DA8886FDA8AF /* EarningsModels.swift in Sources */ = {isa = PBXBuildFile; fileRef = B6B51D6BBCBBEA9C72F356FB /* EarningsModels.swift */; };
		4005FB578099B0D60FA29E27 /* JobDetailView.swift in Sources */ = {isa = PBXBuildFile; fileRef = BEAD9400F04B3D94D21E5F2A /* JobDetailView.swift */; };
		4496E310971F560F7A2B8713 /* ProfileSettingsView.swift in Sources */ = {isa = PBXBuildFile; fileRef = E7CB288966F25A1F3987FC69 /* ProfileSettingsView.swift */; };
		473C9CDB3A4B180A6F89BECC /* JobAlertOverlay.swift in Sources */ = {isa = PBXBuildFile; fileRef = 490C03AEE834921413337ABA /* JobAlertOverlay.swift */; };
		4960C1A39CDFAFCC28BF11F5 /* OnlineToggleView.swift in Sources */ = {isa = PBXBuildFile; fileRef = 47C356D07B138BA8E0CE40F5 /* OnlineToggleView.swift */; };
		4E8639A2456E077412D7C2B2 /* JobFeedView.swift in Sources */ = {isa = PBXBuildFile; fileRef = 54CB44E65469A3687838FB24 /* JobFeedView.swift */; };
		4F219CCBF09D2A91F8C8A08F /* DriverDesignSystem.swift in Sources */ = {isa = PBXBuildFile; fileRef = 803F2EDEBF20C6218ADFA2CB /* DriverDesignSystem.swift */; };
		5C4180CB8AE424D51E75FF1F /* HapticManager.swift in Sources */ = {isa = PBXBuildFile; fileRef = 1FCB1498666015B9BBBC1DF1 /* HapticManager.swift */; };
		5E9FA33210F489FBB5632E05 /* SocketIOManager.swift in Sources */ = {isa = PBXBuildFile; fileRef = BF8D49E5C00DA1F5B18B2699 /* SocketIOManager.swift */; };
		60FCA470DEE7BC6DF3C2D582 /* ContractorRegistrationView.swift in Sources */ = {isa = PBXBuildFile; fileRef = 3650D5429433D4FB66AA8423 /* ContractorRegistrationView.swift */; };
		869A9EC1D8254773B7E89FE0 /* StripeConnectOnboardingView.swift in Sources */ = {isa = PBXBuildFile; fileRef = AA0500796C1744D8972D8D46 /* StripeConnectOnboardingView.swift */; };
		D4C3B2A1F0E9D8C7B6A5F4E3 /* InviteCodeStepView.swift in Sources */ = {isa = PBXBuildFile; fileRef = C3D4E5F6A7B8C9D0E1F2A3B4 /* InviteCodeStepView.swift */; };
		E3D2C1B0A9F8E7D6C5B4A3F2 /* OperatorWebRedirectView.swift in Sources */ = {isa = PBXBuildFile; fileRef = B2C3D4E5F6A7B8C9D0E1F2A3 /* OperatorWebRedirectView.swift */; };
		F2E1D0C9B8A7F6E5D4C3B2A1 /* RoleSelectionView.swift in Sources */ = {isa = PBXBuildFile; fileRef = A1B2C3D4E5F6A7B8C9D0E1F2 /* RoleSelectionView.swift */; };
		73B788CB2FFF7D35CBCB64A8 /* DashboardViewModel.swift in Sources */ = {isa = PBXBuildFile; fileRef = 39B6653495EF4591ACD6E5C9 /* DashboardViewModel.swift */; };
		742D649EF5A5BF7294AC2428 /* DashboardView.swift in Sources */ = {isa = PBXBuildFile; fileRef = 63007B62EFC23A0A6757B294 /* DashboardView.swift */; };
		82DEFA8055CC0754E1141F49 /* AfterPhotosView.swift in Sources */ = {isa = PBXBuildFile; fileRef = 0AA0B3DB0C558CAF78DD76C4 /* AfterPhotosView.swift */; };
		856766387D9F89422AAA08C5 /* JobCardView.swift in Sources */ = {isa = PBXBuildFile; fileRef = B2EEE2DA4D07D3F191694A55 /* JobCardView.swift */; };
		8A8AA35036E08AF0A2BC5E83 /* EarningsViewModel.swift in Sources */ = {isa = PBXBuildFile; fileRef = FF238B4D85E70211F40A21F7 /* EarningsViewModel.swift */; };
		3A710C0CC51B4B828CA0EF98 /* StripeConnectViewModel.swift in Sources */ = {isa = PBXBuildFile; fileRef = 519F3BD4A8ED422E884771BF /* StripeConnectViewModel.swift */; };
		94E7D38BBA06FB012C11B228 /* JobDetailViewModel.swift in Sources */ = {isa = PBXBuildFile; fileRef = 80AE8F889AD33D7F0E337978 /* JobDetailViewModel.swift */; };
		96A96F5462782462AEBCEBB0 /* SplashView.swift in Sources */ = {isa = PBXBuildFile; fileRef = 228E7D7E7644F745D1DAAFED /* SplashView.swift */; };
		9A935658ADCF82A0A67E6CC0 /* EarningsView.swift in Sources */ = {isa = PBXBuildFile; fileRef = ED5DECECC5344F008D376847 /* EarningsView.swift */; };
		9E123249BC3A8E7EA11DF942 /* StatusBadge.swift in Sources */ = {isa = PBXBuildFile; fileRef = ABD336317A641FD03A7F918D /* StatusBadge.swift */; };
		A2D1189B766041112EFD97FD /* AuthenticationManager.swift in Sources */ = {isa = PBXBuildFile; fileRef = 9DEA402F6CECE2DD4CC76A0F /* AuthenticationManager.swift */; };
		ONBOARD001234567890ABCDEF /* DriverOnboardingView.swift in Sources */ = {isa = PBXBuildFile; fileRef = ONBOARD987654321FEDCBA00 /* DriverOnboardingView.swift */; };
		A79407865044DF4EEDFA2AB5 /* DocumentUploadView.swift in Sources */ = {isa = PBXBuildFile; fileRef = D6FA3831A39891771A43D22D /* DocumentUploadView.swift */; };
		AA3166875E6CBF7682E70C80 /* ConnectionStatusBanner.swift in Sources */ = {isa = PBXBuildFile; fileRef = 9204A9DB1C56DBF056E2E5EC /* ConnectionStatusBanner.swift */; };
		AD64C2EE3E8FBB459A20B22E /* SocketIO in Frameworks */ = {isa = PBXBuildFile; productRef = 9192FFB37533E324867AE5D6 /* SocketIO */; };
		B03F09EC14CA94ED5F570AEB /* NavigateToJobView.swift in Sources */ = {isa = PBXBuildFile; fileRef = E269A5BD9F9CDD622483E10C /* NavigateToJobView.swift */; };
		B6088267C57D4BFE5934D029 /* KeychainHelper.swift in Sources */ = {isa = PBXBuildFile; fileRef = 94CEA3D9996C5038C6FCF4FA /* KeychainHelper.swift */; };
		B9EF3DD412FA186F53E44D22 /* DriverAuthView.swift in Sources */ = {isa = PBXBuildFile; fileRef = C6CC84B7BBA8C36ACEA14548 /* DriverAuthView.swift */; };
		BAD93C9DACE562D75D564204 /* Assets.xcassets in Resources */ = {isa = PBXBuildFile; fileRef = 1FBC43CAFF78869678C21C3F /* Assets.xcassets */; };
		BF70D9F10BFA3C3DE51E7908 /* PayoutSettingsView.swift in Sources */ = {isa = PBXBuildFile; fileRef = 24F8F8ADE1A72C73B582B02B /* PayoutSettingsView.swift */; };
		C185F7208CF4AD483FB0D267 /* NotificationManager.swift in Sources */ = {isa = PBXBuildFile; fileRef = B635EA21FAAB5E8F8AC182AA /* NotificationManager.swift */; };
		CB3DDC4640A48606B0591666 /* LocationManager.swift in Sources */ = {isa = PBXBuildFile; fileRef = 7CF097D7D1B06883811BBF1A /* LocationManager.swift */; };
		CD1DCEE1D0AB13C15EFCD4DE /* JobCompletionView.swift in Sources */ = {isa = PBXBuildFile; fileRef = 9708A071501064F0B43DB279 /* JobCompletionView.swift */; };
		D14476790098FE934A99ED4A /* AnimationConstants.swift in Sources */ = {isa = PBXBuildFile; fileRef = 672F85AEE329F15A6CC0C716 /* AnimationConstants.swift */; };
		D34EE7A8BBE33ED6B72ABCEF /* AvailabilityScheduleView.swift in Sources */ = {isa = PBXBuildFile; fileRef = CDBA8F8B87D1D52884F3E249 /* AvailabilityScheduleView.swift */; };
		E0CE3BA170E2D3C662B69492 /* ContractorModels.swift in Sources */ = {isa = PBXBuildFile; fileRef = F2E6817B24EDDB263AFA85CF /* ContractorModels.swift */; };
		E1611BB4C43C44CE4183DDA7 /* QuickStatsCard.swift in Sources */ = {isa = PBXBuildFile; fileRef = 19B60B02EDBC3F4047A2BD81 /* QuickStatsCard.swift */; };
		E2802E3778DC622FD2129867 /* DriverTabView.swift in Sources */ = {isa = PBXBuildFile; fileRef = 9149614AAE2D78491B7C3059 /* DriverTabView.swift */; };
		E5D3735C98C318A48111C440 /* JobModels.swift in Sources */ = {isa = PBXBuildFile; fileRef = 51AC27DA7E685BE7675B0FB1 /* JobModels.swift */; };
		E846E81BACDA70840792507E /* ActiveJobViewModel.swift in Sources */ = {isa = PBXBuildFile; fileRef = A445038901808240328233C0 /* ActiveJobViewModel.swift */; };
		E8806EA1AE37848938F8D70C /* DriverAPIClient.swift in Sources */ = {isa = PBXBuildFile; fileRef = 9AC42610087364CBEADF1B33 /* DriverAPIClient.swift */; };
		EFF5C17CB3686BD2C855518D /* JobFeedViewModel.swift in Sources */ = {isa = PBXBuildFile; fileRef = 9F5425951FF88727F63532BA /* JobFeedViewModel.swift */; };
		F361D5D58D022CB9B931D03E /* PriceBadge.swift in Sources */ = {isa = PBXBuildFile; fileRef = 1B159DA9208AE40B64BFAC73 /* PriceBadge.swift */; };
		FD39D911FE97C3F7209D09C8 /* AppState.swift in Sources */ = {isa = PBXBuildFile; fileRef = B085FF75904906904989D302 /* AppState.swift */; };
/* End PBXBuildFile section */

/* Begin PBXFileReference section */
		00CF7F44684B3635D99E9F02 /* StarRating.swift */ = {isa = PBXFileReference; lastKnownFileType = sourcecode.swift; path = StarRating.swift; sourceTree = "<group>"; };
		0AA0B3DB0C558CAF78DD76C4 /* AfterPhotosView.swift */ = {isa = PBXFileReference; lastKnownFileType = sourcecode.swift; path = AfterPhotosView.swift; sourceTree = "<group>"; };
		17D1EDD45EA760AA572801D2 /* DriverAnnotationView.swift */ = {isa = PBXFileReference; lastKnownFileType = sourcecode.swift; path = DriverAnnotationView.swift; sourceTree = "<group>"; };
		19B60B02EDBC3F4047A2BD81 /* QuickStatsCard.swift */ = {isa = PBXFileReference; lastKnownFileType = sourcecode.swift; path = QuickStatsCard.swift; sourceTree = "<group>"; };
		1B159DA9208AE40B64BFAC73 /* PriceBadge.swift */ = {isa = PBXFileReference; lastKnownFileType = sourcecode.swift; path = PriceBadge.swift; sourceTree = "<group>"; };
		1CA79264B8151B5CFA750F30 /* JunkOS-Driver.app */ = {isa = PBXFileReference; includeInIndex = 0; lastKnownFileType = wrapper.application; path = "JunkOS-Driver.app"; sourceTree = BUILT_PRODUCTS_DIR; };
		1FBC43CAFF78869678C21C3F /* Assets.xcassets */ = {isa = PBXFileReference; lastKnownFileType = folder.assetcatalog; path = Assets.xcassets; sourceTree = "<group>"; };
		1FCB1498666015B9BBBC1DF1 /* HapticManager.swift */ = {isa = PBXFileReference; lastKnownFileType = sourcecode.swift; path = HapticManager.swift; sourceTree = "<group>"; };
		228E7D7E7644F745D1DAAFED /* SplashView.swift */ = {isa = PBXFileReference; lastKnownFileType = sourcecode.swift; path = SplashView.swift; sourceTree = "<group>"; };
		24F8F8ADE1A72C73B582B02B /* PayoutSettingsView.swift */ = {isa = PBXFileReference; lastKnownFileType = sourcecode.swift; path = PayoutSettingsView.swift; sourceTree = "<group>"; };
		344C45FBFECAA97F6CB507F5 /* ActiveJobMapOverlay.swift */ = {isa = PBXFileReference; lastKnownFileType = sourcecode.swift; path = ActiveJobMapOverlay.swift; sourceTree = "<group>"; };
		3650D5429433D4FB66AA8423 /* ContractorRegistrationView.swift */ = {isa = PBXFileReference; lastKnownFileType = sourcecode.swift; path = ContractorRegistrationView.swift; sourceTree = "<group>"; };
		AA0500796C1744D8972D8D46 /* StripeConnectOnboardingView.swift */ = {isa = PBXFileReference; lastKnownFileType = sourcecode.swift; path = StripeConnectOnboardingView.swift; sourceTree = "<group>"; };
		A1B2C3D4E5F6A7B8C9D0E1F2 /* RoleSelectionView.swift */ = {isa = PBXFileReference; lastKnownFileType = sourcecode.swift; path = RoleSelectionView.swift; sourceTree = "<group>"; };
		B2C3D4E5F6A7B8C9D0E1F2A3 /* OperatorWebRedirectView.swift */ = {isa = PBXFileReference; lastKnownFileType = sourcecode.swift; path = OperatorWebRedirectView.swift; sourceTree = "<group>"; };
		C3D4E5F6A7B8C9D0E1F2A3B4 /* InviteCodeStepView.swift */ = {isa = PBXFileReference; lastKnownFileType = sourcecode.swift; path = InviteCodeStepView.swift; sourceTree = "<group>"; };
		3988FAD16A2B52B69264800C /* Config.swift */ = {isa = PBXFileReference; lastKnownFileType = sourcecode.swift; path = Config.swift; sourceTree = "<group>"; };
		39B6653495EF4591ACD6E5C9 /* DashboardViewModel.swift */ = {isa = PBXFileReference; lastKnownFileType = sourcecode.swift; path = DashboardViewModel.swift; sourceTree = "<group>"; };
		3AC9DCA75B3DE3D624F8A427 /* AuthModels.swift */ = {isa = PBXFileReference; lastKnownFileType = sourcecode.swift; path = AuthModels.swift; sourceTree = "<group>"; };
		3E4022AADB725ED1A37514F9 /* RegistrationViewModel.swift */ = {isa = PBXFileReference; lastKnownFileType = sourcecode.swift; path = RegistrationViewModel.swift; sourceTree = "<group>"; };
		47C356D07B138BA8E0CE40F5 /* OnlineToggleView.swift */ = {isa = PBXFileReference; lastKnownFileType = sourcecode.swift; path = OnlineToggleView.swift; sourceTree = "<group>"; };
		490C03AEE834921413337ABA /* JobAlertOverlay.swift */ = {isa = PBXFileReference; lastKnownFileType = sourcecode.swift; path = JobAlertOverlay.swift; sourceTree = "<group>"; };
		4D29936281490BE9C931F899 /* LiveMapView.swift */ = {isa = PBXFileReference; lastKnownFileType = sourcecode.swift; path = LiveMapView.swift; sourceTree = "<group>"; };
		51AC27DA7E685BE7675B0FB1 /* JobModels.swift */ = {isa = PBXFileReference; lastKnownFileType = sourcecode.swift; path = JobModels.swift; sourceTree = "<group>"; };
		54148D05F5465CFF5EB1F3CC /* AuthViewModel.swift */ = {isa = PBXFileReference; lastKnownFileType = sourcecode.swift; path = AuthViewModel.swift; sourceTree = "<group>"; };
		54200844DD474F229259E177 /* JobStatusStepperView.swift */ = {isa = PBXFileReference; lastKnownFileType = sourcecode.swift; path = JobStatusStepperView.swift; sourceTree = "<group>"; };
		54CB44E65469A3687838FB24 /* JobFeedView.swift */ = {isa = PBXFileReference; lastKnownFileType = sourcecode.swift; path = JobFeedView.swift; sourceTree = "<group>"; };
		63007B62EFC23A0A6757B294 /* DashboardView.swift */ = {isa = PBXFileReference; lastKnownFileType = sourcecode.swift; path = DashboardView.swift; sourceTree = "<group>"; };
		672F85AEE329F15A6CC0C716 /* AnimationConstants.swift */ = {isa = PBXFileReference; lastKnownFileType = sourcecode.swift; path = AnimationConstants.swift; sourceTree = "<group>"; };
		7CF097D7D1B06883811BBF1A /* LocationManager.swift */ = {isa = PBXFileReference; lastKnownFileType = sourcecode.swift; path = LocationManager.swift; sourceTree = "<group>"; };
		ONBOARD987654321FEDCBA00 /* DriverOnboardingView.swift */ = {isa = PBXFileReference; lastKnownFileType = sourcecode.swift; path = DriverOnboardingView.swift; sourceTree = "<group>"; };
		803F2EDEBF20C6218ADFA2CB /* DriverDesignSystem.swift */ = {isa = PBXFileReference; lastKnownFileType = sourcecode.swift; path = DriverDesignSystem.swift; sourceTree = "<group>"; };
		80AE8F889AD33D7F0E337978 /* JobDetailViewModel.swift */ = {isa = PBXFileReference; lastKnownFileType = sourcecode.swift; path = JobDetailViewModel.swift; sourceTree = "<group>"; };
		831F50402DD302638AD4EF32 /* AppRouter.swift */ = {isa = PBXFileReference; lastKnownFileType = sourcecode.swift; path = AppRouter.swift; sourceTree = "<group>"; };
		9149614AAE2D78491B7C3059 /* DriverTabView.swift */ = {isa = PBXFileReference; lastKnownFileType = sourcecode.swift; path = DriverTabView.swift; sourceTree = "<group>"; };
		9204A9DB1C56DBF056E2E5EC /* ConnectionStatusBanner.swift */ = {isa = PBXFileReference; lastKnownFileType = sourcecode.swift; path = ConnectionStatusBanner.swift; sourceTree = "<group>"; };
		94CEA3D9996C5038C6FCF4FA /* KeychainHelper.swift */ = {isa = PBXFileReference; lastKnownFileType = sourcecode.swift; path = KeychainHelper.swift; sourceTree = "<group>"; };
		9708A071501064F0B43DB279 /* JobCompletionView.swift */ = {isa = PBXFileReference; lastKnownFileType = sourcecode.swift; path = JobCompletionView.swift; sourceTree = "<group>"; };
		9AC42610087364CBEADF1B33 /* DriverAPIClient.swift */ = {isa = PBXFileReference; lastKnownFileType = sourcecode.swift; path = DriverAPIClient.swift; sourceTree = "<group>"; };
		9DEA402F6CECE2DD4CC76A0F /* AuthenticationManager.swift */ = {isa = PBXFileReference; lastKnownFileType = sourcecode.swift; path = AuthenticationManager.swift; sourceTree = "<group>"; };
		9F5425951FF88727F63532BA /* JobFeedViewModel.swift */ = {isa = PBXFileReference; lastKnownFileType = sourcecode.swift; path = JobFeedViewModel.swift; sourceTree = "<group>"; };
		A445038901808240328233C0 /* ActiveJobViewModel.swift */ = {isa = PBXFileReference; lastKnownFileType = sourcecode.swift; path = ActiveJobViewModel.swift; sourceTree = "<group>"; };
		44DF0D5DCEAA8A365BEFD684 /* VolumeAdjustmentViewModel.swift */ = {isa = PBXFileReference; lastKnownFileType = sourcecode.swift; path = VolumeAdjustmentViewModel.swift; sourceTree = "<group>"; };
		3EE28BE56B2BB0D6D1470047 /* VolumeAdjustmentView.swift */ = {isa = PBXFileReference; lastKnownFileType = sourcecode.swift; path = VolumeAdjustmentView.swift; sourceTree = "<group>"; };
		ABD336317A641FD03A7F918D /* StatusBadge.swift */ = {isa = PBXFileReference; lastKnownFileType = sourcecode.swift; path = StatusBadge.swift; sourceTree = "<group>"; };
		B085FF75904906904989D302 /* AppState.swift */ = {isa = PBXFileReference; lastKnownFileType = sourcecode.swift; path = AppState.swift; sourceTree = "<group>"; };
		B2EEE2DA4D07D3F191694A55 /* JobCardView.swift */ = {isa = PBXFileReference; lastKnownFileType = sourcecode.swift; path = JobCardView.swift; sourceTree = "<group>"; };
		B38475343119CF6E9F5585E9 /* ProfileViewModel.swift */ = {isa = PBXFileReference; lastKnownFileType = sourcecode.swift; path = ProfileViewModel.swift; sourceTree = "<group>"; };
		B635EA21FAAB5E8F8AC182AA /* NotificationManager.swift */ = {isa = PBXFileReference; lastKnownFileType = sourcecode.swift; path = NotificationManager.swift; sourceTree = "<group>"; };
		B6B51D6BBCBBEA9C72F356FB /* EarningsModels.swift */ = {isa = PBXFileReference; lastKnownFileType = sourcecode.swift; path = EarningsModels.swift; sourceTree = "<group>"; };
		BEAD9400F04B3D94D21E5F2A /* JobDetailView.swift */ = {isa = PBXFileReference; lastKnownFileType = sourcecode.swift; path = JobDetailView.swift; sourceTree = "<group>"; };
		BF8D49E5C00DA1F5B18B2699 /* SocketIOManager.swift */ = {isa = PBXFileReference; lastKnownFileType = sourcecode.swift; path = SocketIOManager.swift; sourceTree = "<group>"; };
		C14897C95FBADE41B4B75E28 /* JunkOSDriverApp.swift */ = {isa = PBXFileReference; lastKnownFileType = sourcecode.swift; path = JunkOSDriverApp.swift; sourceTree = "<group>"; };
		C6CC84B7BBA8C36ACEA14548 /* DriverAuthView.swift */ = {isa = PBXFileReference; lastKnownFileType = sourcecode.swift; path = DriverAuthView.swift; sourceTree = "<group>"; };
		CDBA8F8B87D1D52884F3E249 /* AvailabilityScheduleView.swift */ = {isa = PBXFileReference; lastKnownFileType = sourcecode.swift; path = AvailabilityScheduleView.swift; sourceTree = "<group>"; };
		D074AC78D9277D0C00126A35 /* CameraPickerView.swift */ = {isa = PBXFileReference; lastKnownFileType = sourcecode.swift; path = CameraPickerView.swift; sourceTree = "<group>"; };
		D1DC4D6D20A3CCC9709A404C /* TruckTypeSelectionView.swift */ = {isa = PBXFileReference; lastKnownFileType = sourcecode.swift; path = TruckTypeSelectionView.swift; sourceTree = "<group>"; };
		D6FA3831A39891771A43D22D /* DocumentUploadView.swift */ = {isa = PBXFileReference; lastKnownFileType = sourcecode.swift; path = DocumentUploadView.swift; sourceTree = "<group>"; };
		E12E32582549A882906AADC2 /* BeforePhotosView.swift */ = {isa = PBXFileReference; lastKnownFileType = sourcecode.swift; path = BeforePhotosView.swift; sourceTree = "<group>"; };
		E269A5BD9F9CDD622483E10C /* NavigateToJobView.swift */ = {isa = PBXFileReference; lastKnownFileType = sourcecode.swift; path = NavigateToJobView.swift; sourceTree = "<group>"; };
		E7CB288966F25A1F3987FC69 /* ProfileSettingsView.swift */ = {isa = PBXFileReference; lastKnownFileType = sourcecode.swift; path = ProfileSettingsView.swift; sourceTree = "<group>"; };
		ED5DECECC5344F008D376847 /* EarningsView.swift */ = {isa = PBXFileReference; lastKnownFileType = sourcecode.swift; path = EarningsView.swift; sourceTree = "<group>"; };
		EE6A30F12DD65BEE0708A3A6 /* ImageUploadService.swift */ = {isa = PBXFileReference; lastKnownFileType = sourcecode.swift; path = ImageUploadService.swift; sourceTree = "<group>"; };
		EF3CF6C40F54DC805B224734 /* EmptyStateView.swift */ = {isa = PBXFileReference; lastKnownFileType = sourcecode.swift; path = EmptyStateView.swift; sourceTree = "<group>"; };
		F14A16027C1CA38C7BD4E4F7 /* LiveMapViewModel.swift */ = {isa = PBXFileReference; lastKnownFileType = sourcecode.swift; path = LiveMapViewModel.swift; sourceTree = "<group>"; };
		F2E6817B24EDDB263AFA85CF /* ContractorModels.swift */ = {isa = PBXFileReference; lastKnownFileType = sourcecode.swift; path = ContractorModels.swift; sourceTree = "<group>"; };
		F3CEB980FB0B2AE4E5E91426 /* ActiveJobView.swift */ = {isa = PBXFileReference; lastKnownFileType = sourcecode.swift; path = ActiveJobView.swift; sourceTree = "<group>"; };
		F412C09E80A444B74B8D3414 /* DistanceBadge.swift */ = {isa = PBXFileReference; lastKnownFileType = sourcecode.swift; path = DistanceBadge.swift; sourceTree = "<group>"; };
		FF238B4D85E70211F40A21F7 /* EarningsViewModel.swift */ = {isa = PBXFileReference; lastKnownFileType = sourcecode.swift; path = EarningsViewModel.swift; sourceTree = "<group>"; };
		519F3BD4A8ED422E884771BF /* StripeConnectViewModel.swift */ = {isa = PBXFileReference; lastKnownFileType = sourcecode.swift; path = StripeConnectViewModel.swift; sourceTree = "<group>"; };
/* End PBXFileReference section */

/* Begin PBXFrameworksBuildPhase section */
		E4984A9E3F8B550CFCCD47E6 /* Frameworks */ = {
			isa = PBXFrameworksBuildPhase;
			buildActionMask = 2147483647;
			files = (
				AD64C2EE3E8FBB459A20B22E /* SocketIO in Frameworks */,
			);
			runOnlyForDeploymentPostprocessing = 0;
		};
/* End PBXFrameworksBuildPhase section */

/* Begin PBXGroup section */
		21F6F91F8BA89EF7B758BA9B /* ActiveJob */ = {
			isa = PBXGroup;
			children = (
				F3CEB980FB0B2AE4E5E91426 /* ActiveJobView.swift */,
				0AA0B3DB0C558CAF78DD76C4 /* AfterPhotosView.swift */,
				E12E32582549A882906AADC2 /* BeforePhotosView.swift */,
				9708A071501064F0B43DB279 /* JobCompletionView.swift */,
				54200844DD474F229259E177 /* JobStatusStepperView.swift */,
				E269A5BD9F9CDD622483E10C /* NavigateToJobView.swift */,
				3EE28BE56B2BB0D6D1470047 /* VolumeAdjustmentView.swift */,
			);
			path = ActiveJob;
			sourceTree = "<group>";
		};
		25139F93F81E700B63B6F1E2 /* Models */ = {
			isa = PBXGroup;
			children = (
				3AC9DCA75B3DE3D624F8A427 /* AuthModels.swift */,
				F2E6817B24EDDB263AFA85CF /* ContractorModels.swift */,
				B6B51D6BBCBBEA9C72F356FB /* EarningsModels.swift */,
				51AC27DA7E685BE7675B0FB1 /* JobModels.swift */,
			);
			path = Models;
			sourceTree = "<group>";
		};
		336EE321E5391E10A78DF6ED /* ViewModels */ = {
			isa = PBXGroup;
			children = (
				A445038901808240328233C0 /* ActiveJobViewModel.swift */,
				B085FF75904906904989D302 /* AppState.swift */,
				54148D05F5465CFF5EB1F3CC /* AuthViewModel.swift */,
				39B6653495EF4591ACD6E5C9 /* DashboardViewModel.swift */,
				FF238B4D85E70211F40A21F7 /* EarningsViewModel.swift */,
				519F3BD4A8ED422E884771BF /* StripeConnectViewModel.swift */,
				80AE8F889AD33D7F0E337978 /* JobDetailViewModel.swift */,
				9F5425951FF88727F63532BA /* JobFeedViewModel.swift */,
				F14A16027C1CA38C7BD4E4F7 /* LiveMapViewModel.swift */,
				B38475343119CF6E9F5585E9 /* ProfileViewModel.swift */,
				3E4022AADB725ED1A37514F9 /* RegistrationViewModel.swift */,
				44DF0D5DCEAA8A365BEFD684 /* VolumeAdjustmentViewModel.swift */,
			);
			path = ViewModels;
			sourceTree = "<group>";
		};
		3AC758A97FBC15501D71A1C1 /* Splash */ = {
			isa = PBXGroup;
			children = (
				228E7D7E7644F745D1DAAFED /* SplashView.swift */,
			);
			path = Splash;
			sourceTree = "<group>";
		};
		3B4C59482E265875675AEC66 /* Products */ = {
			isa = PBXGroup;
			children = (
				1CA79264B8151B5CFA750F30 /* JunkOS-Driver.app */,
			);
			name = Products;
			sourceTree = "<group>";
		};
		4BF183CA4A1E72ADBBC093DA /* Earnings */ = {
			isa = PBXGroup;
			children = (
				ED5DECECC5344F008D376847 /* EarningsView.swift */,
			);
			path = Earnings;
			sourceTree = "<group>";
		};
		4DFFE93115C932ACD6706F02 /* Components */ = {
			isa = PBXGroup;
			children = (
				F412C09E80A444B74B8D3414 /* DistanceBadge.swift */,
				EF3CF6C40F54DC805B224734 /* EmptyStateView.swift */,
				1B159DA9208AE40B64BFAC73 /* PriceBadge.swift */,
				00CF7F44684B3635D99E9F02 /* StarRating.swift */,
				ABD336317A641FD03A7F918D /* StatusBadge.swift */,
			);
			path = Components;
			sourceTree = "<group>";
		};
		5997DA88E928A2A8B445CB8F /* Map */ = {
			isa = PBXGroup;
			children = (
				344C45FBFECAA97F6CB507F5 /* ActiveJobMapOverlay.swift */,
				17D1EDD45EA760AA572801D2 /* DriverAnnotationView.swift */,
				490C03AEE834921413337ABA /* JobAlertOverlay.swift */,
				4D29936281490BE9C931F899 /* LiveMapView.swift */,
			);
			path = Map;
			sourceTree = "<group>";
		};
		6A38FA0B2CA9712921C39C93 /* Config */ = {
			isa = PBXGroup;
			children = (
				3988FAD16A2B52B69264800C /* Config.swift */,
			);
			path = Config;
			sourceTree = "<group>";
		};
		761042F99BCA6B01B2D4DF4D /* Design */ = {
			isa = PBXGroup;
			children = (
				803F2EDEBF20C6218ADFA2CB /* DriverDesignSystem.swift */,
			);
			path = Design;
			sourceTree = "<group>";
		};
		8D21F9779AE33AA444F56A39 /* JunkOS-Driver */ = {
			isa = PBXGroup;
			children = (
				1FBC43CAFF78869678C21C3F /* Assets.xcassets */,
				C14897C95FBADE41B4B75E28 /* JunkOSDriverApp.swift */,
				4DFFE93115C932ACD6706F02 /* Components */,
				6A38FA0B2CA9712921C39C93 /* Config */,
				761042F99BCA6B01B2D4DF4D /* Design */,
				9F9151FA6CF10BC3BAAA40B7 /* Managers */,
				25139F93F81E700B63B6F1E2 /* Models */,
				BB1F4C963C05906C2361DB9A /* Services */,
				EC5CECDEE98C793847983943 /* Utilities */,
				336EE321E5391E10A78DF6ED /* ViewModels */,
				D96E06A3BE450C753EC755A4 /* Views */,
			);
			name = "JunkOS-Driver";
			path = .;
			sourceTree = "<group>";
		};
		9F9151FA6CF10BC3BAAA40B7 /* Managers */ = {
			isa = PBXGroup;
			children = (
				9DEA402F6CECE2DD4CC76A0F /* AuthenticationManager.swift */,
				7CF097D7D1B06883811BBF1A /* LocationManager.swift */,
				B635EA21FAAB5E8F8AC182AA /* NotificationManager.swift */,
			);
			path = Managers;
			sourceTree = "<group>";
		};
		A1350807EEEC7AE55C5B8F27 = {
			isa = PBXGroup;
			children = (
				8D21F9779AE33AA444F56A39 /* JunkOS-Driver */,
				3B4C59482E265875675AEC66 /* Products */,
			);
			sourceTree = "<group>";
		};
		BB1F4C963C05906C2361DB9A /* Services */ = {
			isa = PBXGroup;
			children = (
				9AC42610087364CBEADF1B33 /* DriverAPIClient.swift */,
				EE6A30F12DD65BEE0708A3A6 /* ImageUploadService.swift */,
				BF8D49E5C00DA1F5B18B2699 /* SocketIOManager.swift */,
			);
			path = Services;
			sourceTree = "<group>";
		};
		C8BD727E7D1D584FDA0F19BC /* Jobs */ = {
			isa = PBXGroup;
			children = (
				B2EEE2DA4D07D3F191694A55 /* JobCardView.swift */,
				BEAD9400F04B3D94D21E5F2A /* JobDetailView.swift */,
				54CB44E65469A3687838FB24 /* JobFeedView.swift */,
			);
			path = Jobs;
			sourceTree = "<group>";
		};
		D3932D7C39CB246114E627A5 /* Auth */ = {
			isa = PBXGroup;
			children = (
				C6CC84B7BBA8C36ACEA14548 /* DriverAuthView.swift */,
				ONBOARD987654321FEDCBA00 /* DriverOnboardingView.swift */,
			);
			path = Auth;
			sourceTree = "<group>";
		};
		D9180C78190C86FFAA2913CF /* Profile */ = {
			isa = PBXGroup;
			children = (
				CDBA8F8B87D1D52884F3E249 /* AvailabilityScheduleView.swift */,
				24F8F8ADE1A72C73B582B02B /* PayoutSettingsView.swift */,
				E7CB288966F25A1F3987FC69 /* ProfileSettingsView.swift */,
			);
			path = Profile;
			sourceTree = "<group>";
		};
		D91FF3DB5B0E5B3BFC664B26 /* Shared */ = {
			isa = PBXGroup;
			children = (
				D074AC78D9277D0C00126A35 /* CameraPickerView.swift */,
				9204A9DB1C56DBF056E2E5EC /* ConnectionStatusBanner.swift */,
				9149614AAE2D78491B7C3059 /* DriverTabView.swift */,
			);
			path = Shared;
			sourceTree = "<group>";
		};
		D96E06A3BE450C753EC755A4 /* Views */ = {
			isa = PBXGroup;
			children = (
				21F6F91F8BA89EF7B758BA9B /* ActiveJob */,
				D3932D7C39CB246114E627A5 /* Auth */,
				F343194194DD1FD8F2409B25 /* Dashboard */,
				4BF183CA4A1E72ADBBC093DA /* Earnings */,
				C8BD727E7D1D584FDA0F19BC /* Jobs */,
				5997DA88E928A2A8B445CB8F /* Map */,
				D9180C78190C86FFAA2913CF /* Profile */,
				F2186ED58943CF94D97DC6DF /* Registration */,
				D91FF3DB5B0E5B3BFC664B26 /* Shared */,
				3AC758A97FBC15501D71A1C1 /* Splash */,
			);
			path = Views;
			sourceTree = "<group>";
		};
		EC5CECDEE98C793847983943 /* Utilities */ = {
			isa = PBXGroup;
			children = (
				672F85AEE329F15A6CC0C716 /* AnimationConstants.swift */,
				831F50402DD302638AD4EF32 /* AppRouter.swift */,
				1FCB1498666015B9BBBC1DF1 /* HapticManager.swift */,
				94CEA3D9996C5038C6FCF4FA /* KeychainHelper.swift */,
			);
			path = Utilities;
			sourceTree = "<group>";
		};
		F2186ED58943CF94D97DC6DF /* Registration */ = {
			isa = PBXGroup;
			children = (
				3650D5429433D4FB66AA8423 /* ContractorRegistrationView.swift */,
				AA0500796C1744D8972D8D46 /* StripeConnectOnboardingView.swift */,
				D6FA3831A39891771A43D22D /* DocumentUploadView.swift */,
				C3D4E5F6A7B8C9D0E1F2A3B4 /* InviteCodeStepView.swift */,
				B2C3D4E5F6A7B8C9D0E1F2A3 /* OperatorWebRedirectView.swift */,
				A1B2C3D4E5F6A7B8C9D0E1F2 /* RoleSelectionView.swift */,
				D1DC4D6D20A3CCC9709A404C /* TruckTypeSelectionView.swift */,
			);
			path = Registration;
			sourceTree = "<group>";
		};
		F343194194DD1FD8F2409B25 /* Dashboard */ = {
			isa = PBXGroup;
			children = (
				63007B62EFC23A0A6757B294 /* DashboardView.swift */,
				47C356D07B138BA8E0CE40F5 /* OnlineToggleView.swift */,
				19B60B02EDBC3F4047A2BD81 /* QuickStatsCard.swift */,
			);
			path = Dashboard;
			sourceTree = "<group>";
		};
/* End PBXGroup section */

/* Begin PBXNativeTarget section */
		682035F336F6697960DAA9AB /* JunkOS-Driver */ = {
			isa = PBXNativeTarget;
			buildConfigurationList = 695964FB20794C74A3D1ADD7 /* Build configuration list for PBXNativeTarget "JunkOS-Driver" */;
			buildPhases = (
				4FE67CDC14D97B4FDA73E534 /* Sources */,
				EB4BB04E1D944692F9B9127A /* Resources */,
				E4984A9E3F8B550CFCCD47E6 /* Frameworks */,
			);
			buildRules = (
			);
			dependencies = (
			);
			name = "JunkOS-Driver";
			packageProductDependencies = (
				9192FFB37533E324867AE5D6 /* SocketIO */,
			);
			productName = "JunkOS-Driver";
			productReference = 1CA79264B8151B5CFA750F30 /* JunkOS-Driver.app */;
			productType = "com.apple.product-type.application";
		};
/* End PBXNativeTarget section */

/* Begin PBXProject section */
		413F732802FF68BE9F9DBF74 /* Project object */ = {
			isa = PBXProject;
			attributes = {
				BuildIndependentTargetsInParallel = YES;
				LastUpgradeCheck = 1600;
				TargetAttributes = {
					682035F336F6697960DAA9AB = {
						DevelopmentTeam = 24GH82AX9R;
						ProvisioningStyle = Automatic;
					};
				};
			};
			buildConfigurationList = E1E966CBA6305367382A8CCF /* Build configuration list for PBXProject "JunkOS-Driver" */;
			compatibilityVersion = "Xcode 14.0";
			developmentRegion = en;
			hasScannedForEncodings = 0;
			knownRegions = (
				Base,
				en,
			);
			mainGroup = A1350807EEEC7AE55C5B8F27;
			minimizedProjectReferenceProxies = 1;
			packageReferences = (
				4ADF621E3619959956E54BD8 /* XCRemoteSwiftPackageReference "socket.io-client-swift" */,
			);
			preferredProjectObjectVersion = 77;
			projectDirPath = "";
			projectRoot = "";
			targets = (
				682035F336F6697960DAA9AB /* JunkOS-Driver */,
			);
		};
/* End PBXProject section */

/* Begin PBXResourcesBuildPhase section */
		EB4BB04E1D944692F9B9127A /* Resources */ = {
			isa = PBXResourcesBuildPhase;
			buildActionMask = 2147483647;
			files = (
				BAD93C9DACE562D75D564204 /* Assets.xcassets in Resources */,
			);
			runOnlyForDeploymentPostprocessing = 0;
		};
/* End PBXResourcesBuildPhase section */

/* Begin PBXSourcesBuildPhase section */
		4FE67CDC14D97B4FDA73E534 /* Sources */ = {
			isa = PBXSourcesBuildPhase;
			buildActionMask = 2147483647;
			files = (
				34C178E44B74FE2E6C1AC682 /* ActiveJobMapOverlay.swift in Sources */,
				07FA90FCA1373A44089255FA /* ActiveJobView.swift in Sources */,
				E846E81BACDA70840792507E /* ActiveJobViewModel.swift in Sources */,
				82DEFA8055CC0754E1141F49 /* AfterPhotosView.swift in Sources */,
				D14476790098FE934A99ED4A /* AnimationConstants.swift in Sources */,
				19A68D46F9F1493920BF9B4F /* AppRouter.swift in Sources */,
				FD39D911FE97C3F7209D09C8 /* AppState.swift in Sources */,
				24034206CB760E5A99B8052F /* AuthModels.swift in Sources */,
				1DC41CF49D4FA211AC146DAE /* AuthViewModel.swift in Sources */,
				A2D1189B766041112EFD97FD /* AuthenticationManager.swift in Sources */,
				D34EE7A8BBE33ED6B72ABCEF /* AvailabilityScheduleView.swift in Sources */,
				1A641CEB9CC125B788902752 /* BeforePhotosView.swift in Sources */,
				1A023C9585E19F759DF1B92F /* CameraPickerView.swift in Sources */,
				38783044E1350D9A73D45656 /* Config.swift in Sources */,
				AA3166875E6CBF7682E70C80 /* ConnectionStatusBanner.swift in Sources */,
				E0CE3BA170E2D3C662B69492 /* ContractorModels.swift in Sources */,
				60FCA470DEE7BC6DF3C2D582 /* ContractorRegistrationView.swift in Sources */,
				869A9EC1D8254773B7E89FE0 /* StripeConnectOnboardingView.swift in Sources */,
				D4C3B2A1F0E9D8C7B6A5F4E3 /* InviteCodeStepView.swift in Sources */,
				E3D2C1B0A9F8E7D6C5B4A3F2 /* OperatorWebRedirectView.swift in Sources */,
				F2E1D0C9B8A7F6E5D4C3B2A1 /* RoleSelectionView.swift in Sources */,
				742D649EF5A5BF7294AC2428 /* DashboardView.swift in Sources */,
				73B788CB2FFF7D35CBCB64A8 /* DashboardViewModel.swift in Sources */,
				07D3D958F6EC6B2561F6FEAA /* DistanceBadge.swift in Sources */,
				A79407865044DF4EEDFA2AB5 /* DocumentUploadView.swift in Sources */,
				E8806EA1AE37848938F8D70C /* DriverAPIClient.swift in Sources */,
				14790A1C6E4BF7984B5FF3E4 /* DriverAnnotationView.swift in Sources */,
				B9EF3DD412FA186F53E44D22 /* DriverAuthView.swift in Sources */,
				4F219CCBF09D2A91F8C8A08F /* DriverDesignSystem.swift in Sources */,
				ONBOARD001234567890ABCDEF /* DriverOnboardingView.swift in Sources */,
				E2802E3778DC622FD2129867 /* DriverTabView.swift in Sources */,
				3D564E63BD08DA8886FDA8AF /* EarningsModels.swift in Sources */,
				9A935658ADCF82A0A67E6CC0 /* EarningsView.swift in Sources */,
				8A8AA35036E08AF0A2BC5E83 /* EarningsViewModel.swift in Sources */,
				3A710C0CC51B4B828CA0EF98 /* StripeConnectViewModel.swift in Sources */,
				29EE5336D11165A1FC0ABC1B /* EmptyStateView.swift in Sources */,
				5C4180CB8AE424D51E75FF1F /* HapticManager.swift in Sources */,
				16B71C5163B965FBDF945A5C /* ImageUploadService.swift in Sources */,
				473C9CDB3A4B180A6F89BECC /* JobAlertOverlay.swift in Sources */,
				856766387D9F89422AAA08C5 /* JobCardView.swift in Sources */,
				CD1DCEE1D0AB13C15EFCD4DE /* JobCompletionView.swift in Sources */,
				4005FB578099B0D60FA29E27 /* JobDetailView.swift in Sources */,
				94E7D38BBA06FB012C11B228 /* JobDetailViewModel.swift in Sources */,
				4E8639A2456E077412D7C2B2 /* JobFeedView.swift in Sources */,
				EFF5C17CB3686BD2C855518D /* JobFeedViewModel.swift in Sources */,
				E5D3735C98C318A48111C440 /* JobModels.swift in Sources */,
				1EE82A346AE23683BAC05940 /* JobStatusStepperView.swift in Sources */,
				33B116E92E3F2A4C3480FE24 /* JunkOSDriverApp.swift in Sources */,
				B6088267C57D4BFE5934D029 /* KeychainHelper.swift in Sources */,
				1571465FB7BA821EBF25A926 /* LiveMapView.swift in Sources */,
				29C93DE1E779BE522D41D0C0 /* LiveMapViewModel.swift in Sources */,
				CB3DDC4640A48606B0591666 /* LocationManager.swift in Sources */,
				B03F09EC14CA94ED5F570AEB /* NavigateToJobView.swift in Sources */,
				C185F7208CF4AD483FB0D267 /* NotificationManager.swift in Sources */,
				4960C1A39CDFAFCC28BF11F5 /* OnlineToggleView.swift in Sources */,
				BF70D9F10BFA3C3DE51E7908 /* PayoutSettingsView.swift in Sources */,
				F361D5D58D022CB9B931D03E /* PriceBadge.swift in Sources */,
				4496E310971F560F7A2B8713 /* ProfileSettingsView.swift in Sources */,
				17369207B2CC0E1488DEB91E /* ProfileViewModel.swift in Sources */,
				E1611BB4C43C44CE4183DDA7 /* QuickStatsCard.swift in Sources */,
				3542CF9944051485B6D25AFE /* RegistrationViewModel.swift in Sources */,
				5E9FA33210F489FBB5632E05 /* SocketIOManager.swift in Sources */,
				96A96F5462782462AEBCEBB0 /* SplashView.swift in Sources */,
				2A3FF2C1D2D3EEB79385B548 /* StarRating.swift in Sources */,
				9E123249BC3A8E7EA11DF942 /* StatusBadge.swift in Sources */,
				39DEA556224982280DB9CC88 /* TruckTypeSelectionView.swift in Sources */,
				13B745AA6E216ABF4F0DF1C9 /* VolumeAdjustmentViewModel.swift in Sources */,
				67A7E9BA84D0A56CBFF504CF /* VolumeAdjustmentView.swift in Sources */,
			);
			runOnlyForDeploymentPostprocessing = 0;
		};
/* End PBXSourcesBuildPhase section */

/* Begin XCBuildConfiguration section */
		10E0932E46A64D2BE5C08057 /* Debug */ = {
			isa = XCBuildConfiguration;
			buildSettings = {
				ASSETCATALOG_COMPILER_APPICON_NAME = AppIcon;
				CODE_SIGN_IDENTITY = "iPhone Developer";
				CODE_SIGN_STYLE = Automatic;
				DEVELOPMENT_TEAM = 24GH82AX9R;
				GENERATE_INFOPLIST_FILE = YES;
				INFOPLIST_GENERATION_MODE = GeneratedFile;
				INFOPLIST_KEY_CFBundleIconName = AppIcon;
				INFOPLIST_KEY_NSCameraUsageDescription = "Umuve Pro needs camera access to take before and after photos of job sites.";
				INFOPLIST_KEY_NSLocationAlwaysAndWhenInUseUsageDescription = "Umuve Pro needs continuous location access to track your position during active jobs.";
				INFOPLIST_KEY_NSLocationWhenInUseUsageDescription = "Umuve Pro needs your location to show you nearby jobs and share your position with customers.";
				INFOPLIST_KEY_NSPhotoLibraryUsageDescription = "Umuve Pro needs photo library access to upload job site photos.";
				INFOPLIST_KEY_UIApplicationSceneManifest_Generation = YES;
				INFOPLIST_KEY_UIApplicationSupportsIndirectInputEvents = YES;
				INFOPLIST_KEY_UIBackgroundModes = location;
				INFOPLIST_KEY_UILaunchScreen_Generation = YES;
				INFOPLIST_KEY_UISupportedInterfaceOrientations_iPad = "UIInterfaceOrientationPortrait UIInterfaceOrientationPortraitUpsideDown UIInterfaceOrientationLandscapeLeft UIInterfaceOrientationLandscapeRight";
				INFOPLIST_KEY_UISupportedInterfaceOrientations_iPhone = UIInterfaceOrientationPortrait;
				LD_RUNPATH_SEARCH_PATHS = (
					"$(inherited)",
					"@executable_path/Frameworks",
				);
				PRODUCT_BUNDLE_IDENTIFIER = com.goumuve.pro;
				SDKROOT = iphoneos;
				TARGETED_DEVICE_FAMILY = "1,2";
			};
			name = Debug;
		};
		1C736E6AB96C7D7EEF687027 /* Release */ = {
			isa = XCBuildConfiguration;
			buildSettings = {
				ASSETCATALOG_COMPILER_APPICON_NAME = AppIcon;
				CODE_SIGN_IDENTITY = "iPhone Developer";
				CODE_SIGN_STYLE = Automatic;
				DEVELOPMENT_TEAM = 24GH82AX9R;
				GENERATE_INFOPLIST_FILE = YES;
				INFOPLIST_GENERATION_MODE = GeneratedFile;
				INFOPLIST_KEY_CFBundleIconName = AppIcon;
				INFOPLIST_KEY_NSCameraUsageDescription = "Umuve Pro needs camera access to take before and after photos of job sites.";
				INFOPLIST_KEY_NSLocationAlwaysAndWhenInUseUsageDescription = "Umuve Pro needs continuous location access to track your position during active jobs.";
				INFOPLIST_KEY_NSLocationWhenInUseUsageDescription = "Umuve Pro needs your location to show you nearby jobs and share your position with customers.";
				INFOPLIST_KEY_NSPhotoLibraryUsageDescription = "Umuve Pro needs photo library access to upload job site photos.";
				INFOPLIST_KEY_UIApplicationSceneManifest_Generation = YES;
				INFOPLIST_KEY_UIApplicationSupportsIndirectInputEvents = YES;
				INFOPLIST_KEY_UIBackgroundModes = location;
				INFOPLIST_KEY_UILaunchScreen_Generation = YES;
				INFOPLIST_KEY_UISupportedInterfaceOrientations_iPad = "UIInterfaceOrientationPortrait UIInterfaceOrientationPortraitUpsideDown UIInterfaceOrientationLandscapeLeft UIInterfaceOrientationLandscapeRight";
				INFOPLIST_KEY_UISupportedInterfaceOrientations_iPhone = UIInterfaceOrientationPortrait;
				LD_RUNPATH_SEARCH_PATHS = (
					"$(inherited)",
					"@executable_path/Frameworks",
				);
				PRODUCT_BUNDLE_IDENTIFIER = com.goumuve.pro;
				SDKROOT = iphoneos;
				TARGETED_DEVICE_FAMILY = "1,2";
			};
			name = Release;
		};
		3436B40986EBA085C3F98EB9 /* Release */ = {
			isa = XCBuildConfiguration;
			buildSettings = {
				ALWAYS_SEARCH_USER_PATHS = NO;
				CLANG_ANALYZER_NONNULL = YES;
				CLANG_ANALYZER_NUMBER_OBJECT_CONVERSION = YES_AGGRESSIVE;
				CLANG_CXX_LANGUAGE_STANDARD = "gnu++14";
				CLANG_CXX_LIBRARY = "libc++";
				CLANG_ENABLE_MODULES = YES;
				CLANG_ENABLE_OBJC_ARC = YES;
				CLANG_ENABLE_OBJC_WEAK = YES;
				CLANG_WARN_BLOCK_CAPTURE_AUTORELEASING = YES;
				CLANG_WARN_BOOL_CONVERSION = YES;
				CLANG_WARN_COMMA = YES;
				CLANG_WARN_CONSTANT_CONVERSION = YES;
				CLANG_WARN_DEPRECATED_OBJC_IMPLEMENTATIONS = YES;
				CLANG_WARN_DIRECT_OBJC_ISA_USAGE = YES_ERROR;
				CLANG_WARN_DOCUMENTATION_COMMENTS = YES;
				CLANG_WARN_EMPTY_BODY = YES;
				CLANG_WARN_ENUM_CONVERSION = YES;
				CLANG_WARN_INFINITE_RECURSION = YES;
				CLANG_WARN_INT_CONVERSION = YES;
				CLANG_WARN_NON_LITERAL_NULL_CONVERSION = YES;
				CLANG_WARN_OBJC_IMPLICIT_RETAIN_SELF = YES;
				CLANG_WARN_OBJC_LITERAL_CONVERSION = YES;
				CLANG_WARN_OBJC_ROOT_CLASS = YES_ERROR;
				CLANG_WARN_QUOTED_INCLUDE_IN_FRAMEWORK_HEADER = YES;
				CLANG_WARN_RANGE_LOOP_ANALYSIS = YES;
				CLANG_WARN_STRICT_PROTOTYPES = YES;
				CLANG_WARN_SUSPICIOUS_MOVE = YES;
				CLANG_WARN_UNGUARDED_AVAILABILITY = YES_AGGRESSIVE;
				CLANG_WARN_UNREACHABLE_CODE = YES;
				CLANG_WARN__DUPLICATE_METHOD_MATCH = YES;
				COPY_PHASE_STRIP = NO;
				CURRENT_PROJECT_VERSION = 4;
				DEBUG_INFORMATION_FORMAT = "dwarf-with-dsym";
				ENABLE_NS_ASSERTIONS = NO;
				ENABLE_STRICT_OBJC_MSGSEND = YES;
				GCC_C_LANGUAGE_STANDARD = gnu11;
				GCC_NO_COMMON_BLOCKS = YES;
				GCC_WARN_64_TO_32_BIT_CONVERSION = YES;
				GCC_WARN_ABOUT_RETURN_TYPE = YES_ERROR;
				GCC_WARN_UNDECLARED_SELECTOR = YES;
				GCC_WARN_UNINITIALIZED_AUTOS = YES_AGGRESSIVE;
				GCC_WARN_UNUSED_FUNCTION = YES;
				GCC_WARN_UNUSED_VARIABLE = YES;
				IPHONEOS_DEPLOYMENT_TARGET = 17.0;
				MARKETING_VERSION = 1.0.0;
				MTL_ENABLE_DEBUG_INFO = NO;
				MTL_FAST_MATH = YES;
				PRODUCT_NAME = "$(TARGET_NAME)";
				SDKROOT = iphoneos;
				SWIFT_COMPILATION_MODE = wholemodule;
				SWIFT_OPTIMIZATION_LEVEL = "-O";
				SWIFT_VERSION = 5.9;
			};
			name = Release;
		};
		4F2E1F8B5146150677D39864 /* Debug */ = {
			isa = XCBuildConfiguration;
			buildSettings = {
				ALWAYS_SEARCH_USER_PATHS = NO;
				CLANG_ANALYZER_NONNULL = YES;
				CLANG_ANALYZER_NUMBER_OBJECT_CONVERSION = YES_AGGRESSIVE;
				CLANG_CXX_LANGUAGE_STANDARD = "gnu++14";
				CLANG_CXX_LIBRARY = "libc++";
				CLANG_ENABLE_MODULES = YES;
				CLANG_ENABLE_OBJC_ARC = YES;
				CLANG_ENABLE_OBJC_WEAK = YES;
				CLANG_WARN_BLOCK_CAPTURE_AUTORELEASING = YES;
				CLANG_WARN_BOOL_CONVERSION = YES;
				CLANG_WARN_COMMA = YES;
				CLANG_WARN_CONSTANT_CONVERSION = YES;
				CLANG_WARN_DEPRECATED_OBJC_IMPLEMENTATIONS = YES;
				CLANG_WARN_DIRECT_OBJC_ISA_USAGE = YES_ERROR;
				CLANG_WARN_DOCUMENTATION_COMMENTS = YES;
				CLANG_WARN_EMPTY_BODY = YES;
				CLANG_WARN_ENUM_CONVERSION = YES;
				CLANG_WARN_INFINITE_RECURSION = YES;
				CLANG_WARN_INT_CONVERSION = YES;
				CLANG_WARN_NON_LITERAL_NULL_CONVERSION = YES;
				CLANG_WARN_OBJC_IMPLICIT_RETAIN_SELF = YES;
				CLANG_WARN_OBJC_LITERAL_CONVERSION = YES;
				CLANG_WARN_OBJC_ROOT_CLASS = YES_ERROR;
				CLANG_WARN_QUOTED_INCLUDE_IN_FRAMEWORK_HEADER = YES;
				CLANG_WARN_RANGE_LOOP_ANALYSIS = YES;
				CLANG_WARN_STRICT_PROTOTYPES = YES;
				CLANG_WARN_SUSPICIOUS_MOVE = YES;
				CLANG_WARN_UNGUARDED_AVAILABILITY = YES_AGGRESSIVE;
				CLANG_WARN_UNREACHABLE_CODE = YES;
				CLANG_WARN__DUPLICATE_METHOD_MATCH = YES;
				COPY_PHASE_STRIP = NO;
				CURRENT_PROJECT_VERSION = 4;
				DEBUG_INFORMATION_FORMAT = dwarf;
				ENABLE_STRICT_OBJC_MSGSEND = YES;
				ENABLE_TESTABILITY = YES;
				GCC_C_LANGUAGE_STANDARD = gnu11;
				GCC_DYNAMIC_NO_PIC = NO;
				GCC_NO_COMMON_BLOCKS = YES;
				GCC_OPTIMIZATION_LEVEL = 0;
				GCC_PREPROCESSOR_DEFINITIONS = (
					"$(inherited)",
					"DEBUG=1",
				);
				GCC_WARN_64_TO_32_BIT_CONVERSION = YES;
				GCC_WARN_ABOUT_RETURN_TYPE = YES_ERROR;
				GCC_WARN_UNDECLARED_SELECTOR = YES;
				GCC_WARN_UNINITIALIZED_AUTOS = YES_AGGRESSIVE;
				GCC_WARN_UNUSED_FUNCTION = YES;
				GCC_WARN_UNUSED_VARIABLE = YES;
				IPHONEOS_DEPLOYMENT_TARGET = 17.0;
				MARKETING_VERSION = 1.0.0;
				MTL_ENABLE_DEBUG_INFO = INCLUDE_SOURCE;
				MTL_FAST_MATH = YES;
				ONLY_ACTIVE_ARCH = YES;
				PRODUCT_NAME = "$(TARGET_NAME)";
				SDKROOT = iphoneos;
				SWIFT_ACTIVE_COMPILATION_CONDITIONS = DEBUG;
				SWIFT_OPTIMIZATION_LEVEL = "-Onone";
				SWIFT_VERSION = 5.9;
			};
			name = Debug;
		};
/* End XCBuildConfiguration section */

/* Begin XCConfigurationList section */
		695964FB20794C74A3D1ADD7 /* Build configuration list for PBXNativeTarget "JunkOS-Driver" */ = {
			isa = XCConfigurationList;
			buildConfigurations = (
				10E0932E46A64D2BE5C08057 /* Debug */,
				1C736E6AB96C7D7EEF687027 /* Release */,
			);
			defaultConfigurationIsVisible = 0;
			defaultConfigurationName = Debug;
		};
		E1E966CBA6305367382A8CCF /* Build configuration list for PBXProject "JunkOS-Driver" */ = {
			isa = XCConfigurationList;
			buildConfigurations = (
				4F2E1F8B5146150677D39864 /* Debug */,
				3436B40986EBA085C3F98EB9 /* Release */,
			);
			defaultConfigurationIsVisible = 0;
			defaultConfigurationName = Debug;
		};
/* End XCConfigurationList section */

/* Begin XCRemoteSwiftPackageReference section */
		4ADF621E3619959956E54BD8 /* XCRemoteSwiftPackageReference "socket.io-client-swift" */ = {
			isa = XCRemoteSwiftPackageReference;
			repositoryURL = "https://github.com/socketio/socket.io-client-swift";
			requirement = {
				kind = upToNextMajorVersion;
				minimumVersion = 16.1.1;
			};
		};
/* End XCRemoteSwiftPackageReference section */

/* Begin XCSwiftPackageProductDependency section */
		9192FFB37533E324867AE5D6 /* SocketIO */ = {
			isa = XCSwiftPackageProductDependency;
			package = 4ADF621E3619959956E54BD8 /* XCRemoteSwiftPackageReference "socket.io-client-swift" */;
			productName = SocketIO;
		};
/* End XCSwiftPackageProductDependency section */
	};
	rootObject = 413F732802FF68BE9F9DBF74 /* Project object */;
}
