{
  "originHash" : "ad4fbc5504b58c482c068393d947d922e06ae962176bce3ca979a0fa22ea9e86",
  "pins" : [
    {
      "identity" : "twilio-voice-ios",
      "kind" : "remoteSourceControl",
      "location" : "https://github.com/twilio/twilio-voice-ios",
      "state" : {
        "revision" : "252800e133455e798d6caf82733326bc4bb981b9",
        "version" : "6.13.7"
      }
    }
  ],
  "version" : 3
}
